
Microsoft Visual Studio Solution File, Format Version 12.00
# Visual Studio Version 17
VisualStudioVersion = 17.14.36109.1 d17.14
MinimumVisualStudioVersion = 10.0.40219.1
Project("{FAE04EC0-301F-11D3-BF4B-00C04F79EFBC}") = "WebApi29", "WebApi29.csproj", "{077CB9AF-7DEE-47C2-B3CB-108E95F1535C}"
EndProject
Project("{FAE04EC0-301F-11D3-BF4B-00C04F79EFBC}") = "Domain", "..\Domain\Domain.csproj", "{99E45F12-2266-4452-84BE-20E5500E217D}"
EndProject
Global
	GlobalSection(SolutionConfigurationPlatforms) = preSolution
		Debug|Any CPU = Debug|Any CPU
		Release|Any CPU = Release|Any CPU
	EndGlobalSection
	GlobalSection(ProjectConfigurationPlatforms) = postSolution
		{077CB9AF-7DEE-47C2-B3CB-108E95F1535C}.Debug|Any CPU.ActiveCfg = Debug|Any CPU
		{077CB9AF-7DEE-47C2-B3CB-108E95F1535C}.Debug|Any CPU.Build.0 = Debug|Any CPU
		{077CB9AF-7DEE-47C2-B3CB-108E95F1535C}.Release|Any CPU.ActiveCfg = Release|Any CPU
		{077CB9AF-7DEE-47C2-B3CB-108E95F1535C}.Release|Any CPU.Build.0 = Release|Any CPU
		{99E45F12-2266-4452-84BE-20E5500E217D}.Debug|Any CPU.ActiveCfg = Debug|Any CPU
		{99E45F12-2266-4452-84BE-20E5500E217D}.Debug|Any CPU.Build.0 = Debug|Any CPU
		{99E45F12-2266-4452-84BE-20E5500E217D}.Release|Any CPU.ActiveCfg = Release|Any CPU
		{99E45F12-2266-4452-84BE-20E5500E217D}.Release|Any CPU.Build.0 = Release|Any CPU
	EndGlobalSection
	GlobalSection(SolutionProperties) = preSolution
		HideSolutionNode = FALSE
	EndGlobalSection
	GlobalSection(ExtensibilityGlobals) = postSolution
		SolutionGuid = {36FA2032-9C2B-47A4-B9E9-158289EE8A72}
	EndGlobalSection
EndGlobal
